
Microsoft Visual Studio Solution File, Format Version 12.00
# Visual Studio 15
VisualStudioVersion = 15.0.35431.46
MinimumVisualStudioVersion = 10.0.40219.1
Project("{FAE04EC0-301F-11D3-BF4B-00C04F79EFBC}") = "глава11", "глава11\глава11.csproj", "{7B315A06-F183-4C8F-8490-79651D223CA8}"
EndProject
Project("{FAE04EC0-301F-11D3-BF4B-00C04F79EFBC}") = "глава11.1", "глава11.1\глава11.1.csproj", "{EDC8BA74-9636-4E0D-8D15-9D6C90638FB0}"
EndProject
Project("{FAE04EC0-301F-11D3-BF4B-00C04F79EFBC}") = "11.2", "11.2\11.2.csproj", "{EF9F39AC-DC79-4891-8335-55F19BC095A1}"
EndProject
Global
	GlobalSection(SolutionConfigurationPlatforms) = preSolution
		Debug|Any CPU = Debug|Any CPU
		Release|Any CPU = Release|Any CPU
	EndGlobalSection
	GlobalSection(ProjectConfigurationPlatforms) = postSolution
		{7B315A06-F183-4C8F-8490-79651D223CA8}.Debug|Any CPU.ActiveCfg = Debug|Any CPU
		{7B315A06-F183-4C8F-8490-79651D223CA8}.Debug|Any CPU.Build.0 = Debug|Any CPU
		{7B315A06-F183-4C8F-8490-79651D223CA8}.Release|Any CPU.ActiveCfg = Release|Any CPU
		{7B315A06-F183-4C8F-8490-79651D223CA8}.Release|Any CPU.Build.0 = Release|Any CPU
		{EDC8BA74-9636-4E0D-8D15-9D6C90638FB0}.Debug|Any CPU.ActiveCfg = Debug|Any CPU
		{EDC8BA74-9636-4E0D-8D15-9D6C90638FB0}.Debug|Any CPU.Build.0 = Debug|Any CPU
		{EDC8BA74-9636-4E0D-8D15-9D6C90638FB0}.Release|Any CPU.ActiveCfg = Release|Any CPU
		{EDC8BA74-9636-4E0D-8D15-9D6C90638FB0}.Release|Any CPU.Build.0 = Release|Any CPU
		{EF9F39AC-DC79-4891-8335-55F19BC095A1}.Debug|Any CPU.ActiveCfg = Debug|Any CPU
		{EF9F39AC-DC79-4891-8335-55F19BC095A1}.Debug|Any CPU.Build.0 = Debug|Any CPU
		{EF9F39AC-DC79-4891-8335-55F19BC095A1}.Release|Any CPU.ActiveCfg = Release|Any CPU
		{EF9F39AC-DC79-4891-8335-55F19BC095A1}.Release|Any CPU.Build.0 = Release|Any CPU
	EndGlobalSection
	GlobalSection(SolutionProperties) = preSolution
		HideSolutionNode = FALSE
	EndGlobalSection
	GlobalSection(ExtensibilityGlobals) = postSolution
		SolutionGuid = {371C1656-B0B2-4FB1-BC6E-1B27AD59CC0D}
	EndGlobalSection
EndGlobal
