
Microsoft Visual Studio Solution File, Format Version 12.00
# Visual Studio Version 17
VisualStudioVersion = 17.11.35327.3
MinimumVisualStudioVersion = 10.0.40219.1
Project("{FAE04EC0-301F-11D3-BF4B-00C04F79EFBC}") = "WPF17", "WPF17\WPF17.csproj", "{35FEAED5-AAC4-4DA4-8C09-D11039A7A99A}"
EndProject
Global
	GlobalSection(SolutionConfigurationPlatforms) = preSolution
		Debug|Any CPU = Debug|Any CPU
		Release|Any CPU = Release|Any CPU
	EndGlobalSection
	GlobalSection(ProjectConfigurationPlatforms) = postSolution
		{35FEAED5-AAC4-4DA4-8C09-D11039A7A99A}.Debug|Any CPU.ActiveCfg = Debug|Any CPU
		{35FEAED5-AAC4-4DA4-8C09-D11039A7A99A}.Debug|Any CPU.Build.0 = Debug|Any CPU
		{35FEAED5-AAC4-4DA4-8C09-D11039A7A99A}.Release|Any CPU.ActiveCfg = Release|Any CPU
		{35FEAED5-AAC4-4DA4-8C09-D11039A7A99A}.Release|Any CPU.Build.0 = Release|Any CPU
	EndGlobalSection
	GlobalSection(SolutionProperties) = preSolution
		HideSolutionNode = FALSE
	EndGlobalSection
	GlobalSection(ExtensibilityGlobals) = postSolution
		SolutionGuid = {8DAAB0AB-D104-41AA-938A-4FC6F76BEBE1}
	EndGlobalSection
EndGlobal
