
Microsoft Visual Studio Solution File, Format Version 12.00
# Visual Studio 15
VisualStudioVersion = 15.0.35431.46
MinimumVisualStudioVersion = 10.0.40219.1
Project("{FAE04EC0-301F-11D3-BF4B-00C04F79EFBC}") = "13", "13\13.csproj", "{273EDE6E-C9F3-41CB-A319-564A3C00D7C4}"
EndProject
Project("{FAE04EC0-301F-11D3-BF4B-00C04F79EFBC}") = "13.1", "13.1\13.1.csproj", "{36B28804-6058-4040-901C-E7A0435FF0AD}"
EndProject
Global
	GlobalSection(SolutionConfigurationPlatforms) = preSolution
		Debug|Any CPU = Debug|Any CPU
		Release|Any CPU = Release|Any CPU
	EndGlobalSection
	GlobalSection(ProjectConfigurationPlatforms) = postSolution
		{273EDE6E-C9F3-41CB-A319-564A3C00D7C4}.Debug|Any CPU.ActiveCfg = Debug|Any CPU
		{273EDE6E-C9F3-41CB-A319-564A3C00D7C4}.Debug|Any CPU.Build.0 = Debug|Any CPU
		{273EDE6E-C9F3-41CB-A319-564A3C00D7C4}.Release|Any CPU.ActiveCfg = Release|Any CPU
		{273EDE6E-C9F3-41CB-A319-564A3C00D7C4}.Release|Any CPU.Build.0 = Release|Any CPU
		{36B28804-6058-4040-901C-E7A0435FF0AD}.Debug|Any CPU.ActiveCfg = Debug|Any CPU
		{36B28804-6058-4040-901C-E7A0435FF0AD}.Debug|Any CPU.Build.0 = Debug|Any CPU
		{36B28804-6058-4040-901C-E7A0435FF0AD}.Release|Any CPU.ActiveCfg = Release|Any CPU
		{36B28804-6058-4040-901C-E7A0435FF0AD}.Release|Any CPU.Build.0 = Release|Any CPU
	EndGlobalSection
	GlobalSection(SolutionProperties) = preSolution
		HideSolutionNode = FALSE
	EndGlobalSection
	GlobalSection(ExtensibilityGlobals) = postSolution
		SolutionGuid = {E8A242FE-3390-4862-B2D2-C6E306EB217D}
	EndGlobalSection
EndGlobal
